
Microsoft Visual Studio Solution File, Format Version 12.00
# Visual Studio 15
VisualStudioVersion = 15.0.27428.2005
MinimumVisualStudioVersion = 10.0.40219.1
Project("{FAE04EC0-301F-11D3-BF4B-00C04F79EFBC}") = "GreenlightConsole", "GreenlightConsole\GreenlightConsole.csproj", "{7C82D7B9-5636-49C5-BC89-9B0DE73D498C}"
EndProject
Global
	GlobalSection(SolutionConfigurationPlatforms) = preSolution
		Debug|Any CPU = Debug|Any CPU
		Release|Any CPU = Release|Any CPU
	EndGlobalSection
	GlobalSection(ProjectConfigurationPlatforms) = postSolution
		{7C82D7B9-5636-49C5-BC89-9B0DE73D498C}.Debug|Any CPU.ActiveCfg = Debug|Any CPU
		{7C82D7B9-5636-49C5-BC89-9B0DE73D498C}.Debug|Any CPU.Build.0 = Debug|Any CPU
		{7C82D7B9-5636-49C5-BC89-9B0DE73D498C}.Release|Any CPU.ActiveCfg = Release|Any CPU
		{7C82D7B9-5636-49C5-BC89-9B0DE73D498C}.Release|Any CPU.Build.0 = Release|Any CPU
	EndGlobalSection
	GlobalSection(SolutionProperties) = preSolution
		HideSolutionNode = FALSE
	EndGlobalSection
	GlobalSection(ExtensibilityGlobals) = postSolution
		SolutionGuid = {1FD318D4-F91E-4388-907F-97453A809226}
	EndGlobalSection
EndGlobal
